
Microsoft Visual Studio Solution File, Format Version 12.00
# Visual Studio 15
VisualStudioVersion = 15.0.27130.2010
MinimumVisualStudioVersion = 10.0.40219.1
Project("{FAE04EC0-301F-11D3-BF4B-00C04F79EFBC}") = "MessageBoard.ConsoleUI", "MessageBoard.ConsoleUI\MessageBoard.ConsoleUI.csproj", "{7B22ABF1-B7D7-4634-8965-26919ABEB167}"
EndProject
Project("{FAE04EC0-301F-11D3-BF4B-00C04F79EFBC}") = "MessageBoard.UnitTests", "MessageBoard.UnitTests\MessageBoard.UnitTests.csproj", "{81B597C1-0C6B-4FF3-BF21-DDB1244AD95E}"
EndProject
Project("{FAE04EC0-301F-11D3-BF4B-00C04F79EFBC}") = "MessageBoard.ConsoleUITests", "MessageBoard.ConsoleUITests\MessageBoard.ConsoleUITests.csproj", "{4237C9F6-847F-4B52-8B98-82D928839FCA}"
EndProject
Global
	GlobalSection(SolutionConfigurationPlatforms) = preSolution
		Debug|Any CPU = Debug|Any CPU
		Release|Any CPU = Release|Any CPU
	EndGlobalSection
	GlobalSection(ProjectConfigurationPlatforms) = postSolution
		{7B22ABF1-B7D7-4634-8965-26919ABEB167}.Debug|Any CPU.ActiveCfg = Debug|Any CPU
		{7B22ABF1-B7D7-4634-8965-26919ABEB167}.Debug|Any CPU.Build.0 = Debug|Any CPU
		{7B22ABF1-B7D7-4634-8965-26919ABEB167}.Release|Any CPU.ActiveCfg = Release|Any CPU
		{7B22ABF1-B7D7-4634-8965-26919ABEB167}.Release|Any CPU.Build.0 = Release|Any CPU
		{81B597C1-0C6B-4FF3-BF21-DDB1244AD95E}.Debug|Any CPU.ActiveCfg = Debug|Any CPU
		{81B597C1-0C6B-4FF3-BF21-DDB1244AD95E}.Debug|Any CPU.Build.0 = Debug|Any CPU
		{81B597C1-0C6B-4FF3-BF21-DDB1244AD95E}.Release|Any CPU.ActiveCfg = Release|Any CPU
		{81B597C1-0C6B-4FF3-BF21-DDB1244AD95E}.Release|Any CPU.Build.0 = Release|Any CPU
		{4237C9F6-847F-4B52-8B98-82D928839FCA}.Debug|Any CPU.ActiveCfg = Debug|Any CPU
		{4237C9F6-847F-4B52-8B98-82D928839FCA}.Debug|Any CPU.Build.0 = Debug|Any CPU
		{4237C9F6-847F-4B52-8B98-82D928839FCA}.Release|Any CPU.ActiveCfg = Release|Any CPU
		{4237C9F6-847F-4B52-8B98-82D928839FCA}.Release|Any CPU.Build.0 = Release|Any CPU
	EndGlobalSection
	GlobalSection(SolutionProperties) = preSolution
		HideSolutionNode = FALSE
	EndGlobalSection
	GlobalSection(ExtensibilityGlobals) = postSolution
		SolutionGuid = {8112BDDA-C7B4-458F-B34C-9347DBB74C73}
	EndGlobalSection
EndGlobal
